
Microsoft Visual Studio Solution File, Format Version 12.00
# Visual Studio Version 16
VisualStudioVersion = 16.0.31515.178
MinimumVisualStudioVersion = 10.0.40219.1
Project("{FAE04EC0-301F-11D3-BF4B-00C04F79EFBC}") = "OperatingSystems", "OperatingSystems\OperatingSystems.csproj", "{0A89A648-50ED-483C-A64A-0E28085172FE}"
EndProject
Project("{9A19103F-16F7-4668-BE54-9A1E7A4F7556}") = "OperatingSystemsTests", "OperatingSystemsTests\OperatingSystemsTests.csproj", "{37B109CA-3C8E-46FB-94E3-A0C295062E1A}"
EndProject
Global
	GlobalSection(SolutionConfigurationPlatforms) = preSolution
		Debug|Any CPU = Debug|Any CPU
		Release|Any CPU = Release|Any CPU
	EndGlobalSection
	GlobalSection(ProjectConfigurationPlatforms) = postSolution
		{0A89A648-50ED-483C-A64A-0E28085172FE}.Debug|Any CPU.ActiveCfg = Debug|Any CPU
		{0A89A648-50ED-483C-A64A-0E28085172FE}.Debug|Any CPU.Build.0 = Debug|Any CPU
		{0A89A648-50ED-483C-A64A-0E28085172FE}.Release|Any CPU.ActiveCfg = Release|Any CPU
		{0A89A648-50ED-483C-A64A-0E28085172FE}.Release|Any CPU.Build.0 = Release|Any CPU
		{37B109CA-3C8E-46FB-94E3-A0C295062E1A}.Debug|Any CPU.ActiveCfg = Debug|Any CPU
		{37B109CA-3C8E-46FB-94E3-A0C295062E1A}.Debug|Any CPU.Build.0 = Debug|Any CPU
		{37B109CA-3C8E-46FB-94E3-A0C295062E1A}.Release|Any CPU.ActiveCfg = Release|Any CPU
		{37B109CA-3C8E-46FB-94E3-A0C295062E1A}.Release|Any CPU.Build.0 = Release|Any CPU
	EndGlobalSection
	GlobalSection(SolutionProperties) = preSolution
		HideSolutionNode = FALSE
	EndGlobalSection
	GlobalSection(ExtensibilityGlobals) = postSolution
		SolutionGuid = {50EA5FDB-6384-4254-BC2B-9FF5A2B8DA00}
	EndGlobalSection
EndGlobal
